
Microsoft Visual Studio Solution File, Format Version 12.00
# Visual Studio Version 17
VisualStudioVersion = 17.2.32630.192
MinimumVisualStudioVersion = 10.0.40219.1
Project("{FAE04EC0-301F-11D3-BF4B-00C04F79EFBC}") = "assignrmt", "assignrmt\assignrmt.csproj", "{B8DDB829-5BF1-4D02-B089-4BD3B80E00F3}"
EndProject
Global
	GlobalSection(SolutionConfigurationPlatforms) = preSolution
		Debug|Any CPU = Debug|Any CPU
		Release|Any CPU = Release|Any CPU
	EndGlobalSection
	GlobalSection(ProjectConfigurationPlatforms) = postSolution
		{B8DDB829-5BF1-4D02-B089-4BD3B80E00F3}.Debug|Any CPU.ActiveCfg = Debug|Any CPU
		{B8DDB829-5BF1-4D02-B089-4BD3B80E00F3}.Debug|Any CPU.Build.0 = Debug|Any CPU
		{B8DDB829-5BF1-4D02-B089-4BD3B80E00F3}.Release|Any CPU.ActiveCfg = Release|Any CPU
		{B8DDB829-5BF1-4D02-B089-4BD3B80E00F3}.Release|Any CPU.Build.0 = Release|Any CPU
	EndGlobalSection
	GlobalSection(SolutionProperties) = preSolution
		HideSolutionNode = FALSE
	EndGlobalSection
	GlobalSection(ExtensibilityGlobals) = postSolution
		SolutionGuid = {BA38B272-88D7-4C17-945D-E98C6420DB06}
	EndGlobalSection
EndGlobal
